
Microsoft Visual Studio Solution File, Format Version 12.00
# Visual Studio 15
VisualStudioVersion = 15.0.26430.12
MinimumVisualStudioVersion = 10.0.40219.1
Project("{FAE04EC0-301F-11D3-BF4B-00C04F79EFBC}") = "Chat.Android", "Chat\Chat.Android\Chat.Android.csproj", "{73884581-381A-4FD2-AAF9-122EE9C98D89}"
EndProject
Project("{FAE04EC0-301F-11D3-BF4B-00C04F79EFBC}") = "Chat", "Chat\Chat\Chat.csproj", "{D3CA442D-2354-4308-9475-9281ABC26E96}"
EndProject
Project("{FAE04EC0-301F-11D3-BF4B-00C04F79EFBC}") = "Chat.Tests", "Chat.Tests\Chat.Tests.csproj", "{C146037C-12DA-445B-9095-095E212B7E7D}"
EndProject
Global
	GlobalSection(SolutionConfigurationPlatforms) = preSolution
		Ad-Hoc|Any CPU = Ad-Hoc|Any CPU
		Ad-Hoc|ARM = Ad-Hoc|ARM
		Ad-Hoc|iPhone = Ad-Hoc|iPhone
		Ad-Hoc|iPhoneSimulator = Ad-Hoc|iPhoneSimulator
		Ad-Hoc|x64 = Ad-Hoc|x64
		Ad-Hoc|x86 = Ad-Hoc|x86
		AppStore|Any CPU = AppStore|Any CPU
		AppStore|ARM = AppStore|ARM
		AppStore|iPhone = AppStore|iPhone
		AppStore|iPhoneSimulator = AppStore|iPhoneSimulator
		AppStore|x64 = AppStore|x64
		AppStore|x86 = AppStore|x86
		Debug|Any CPU = Debug|Any CPU
		Debug|ARM = Debug|ARM
		Debug|iPhone = Debug|iPhone
		Debug|iPhoneSimulator = Debug|iPhoneSimulator
		Debug|x64 = Debug|x64
		Debug|x86 = Debug|x86
		Release|Any CPU = Release|Any CPU
		Release|ARM = Release|ARM
		Release|iPhone = Release|iPhone
		Release|iPhoneSimulator = Release|iPhoneSimulator
		Release|x64 = Release|x64
		Release|x86 = Release|x86
	EndGlobalSection
	GlobalSection(ProjectConfigurationPlatforms) = postSolution
		{73884581-381A-4FD2-AAF9-122EE9C98D89}.Ad-Hoc|Any CPU.ActiveCfg = Release|Any CPU
		{73884581-381A-4FD2-AAF9-122EE9C98D89}.Ad-Hoc|Any CPU.Build.0 = Release|Any CPU
		{73884581-381A-4FD2-AAF9-122EE9C98D89}.Ad-Hoc|Any CPU.Deploy.0 = Release|Any CPU
		{73884581-381A-4FD2-AAF9-122EE9C98D89}.Ad-Hoc|ARM.ActiveCfg = Release|Any CPU
		{73884581-381A-4FD2-AAF9-122EE9C98D89}.Ad-Hoc|ARM.Build.0 = Release|Any CPU
		{73884581-381A-4FD2-AAF9-122EE9C98D89}.Ad-Hoc|ARM.Deploy.0 = Release|Any CPU
		{73884581-381A-4FD2-AAF9-122EE9C98D89}.Ad-Hoc|iPhone.ActiveCfg = Release|Any CPU
		{73884581-381A-4FD2-AAF9-122EE9C98D89}.Ad-Hoc|iPhone.Build.0 = Release|Any CPU
		{73884581-381A-4FD2-AAF9-122EE9C98D89}.Ad-Hoc|iPhone.Deploy.0 = Release|Any CPU
		{73884581-381A-4FD2-AAF9-122EE9C98D89}.Ad-Hoc|iPhoneSimulator.ActiveCfg = Release|Any CPU
		{73884581-381A-4FD2-AAF9-122EE9C98D89}.Ad-Hoc|iPhoneSimulator.Build.0 = Release|Any CPU
		{73884581-381A-4FD2-AAF9-122EE9C98D89}.Ad-Hoc|iPhoneSimulator.Deploy.0 = Release|Any CPU
		{73884581-381A-4FD2-AAF9-122EE9C98D89}.Ad-Hoc|x64.ActiveCfg = Release|Any CPU
		{73884581-381A-4FD2-AAF9-122EE9C98D89}.Ad-Hoc|x64.Build.0 = Release|Any CPU
		{73884581-381A-4FD2-AAF9-122EE9C98D89}.Ad-Hoc|x64.Deploy.0 = Release|Any CPU
		{73884581-381A-4FD2-AAF9-122EE9C98D89}.Ad-Hoc|x86.ActiveCfg = Release|Any CPU
		{73884581-381A-4FD2-AAF9-122EE9C98D89}.Ad-Hoc|x86.Build.0 = Release|Any CPU
		{73884581-381A-4FD2-AAF9-122EE9C98D89}.Ad-Hoc|x86.Deploy.0 = Release|Any CPU
		{73884581-381A-4FD2-AAF9-122EE9C98D89}.AppStore|Any CPU.ActiveCfg = Release|Any CPU
		{73884581-381A-4FD2-AAF9-122EE9C98D89}.AppStore|Any CPU.Build.0 = Release|Any CPU
		{73884581-381A-4FD2-AAF9-122EE9C98D89}.AppStore|Any CPU.Deploy.0 = Release|Any CPU
		{73884581-381A-4FD2-AAF9-122EE9C98D89}.AppStore|ARM.ActiveCfg = Release|Any CPU
		{73884581-381A-4FD2-AAF9-122EE9C98D89}.AppStore|ARM.Build.0 = Release|Any CPU
		{73884581-381A-4FD2-AAF9-122EE9C98D89}.AppStore|ARM.Deploy.0 = Release|Any CPU
		{73884581-381A-4FD2-AAF9-122EE9C98D89}.AppStore|iPhone.ActiveCfg = Release|Any CPU
		{73884581-381A-4FD2-AAF9-122EE9C98D89}.AppStore|iPhone.Build.0 = Release|Any CPU
		{73884581-381A-4FD2-AAF9-122EE9C98D89}.AppStore|iPhone.Deploy.0 = Release|Any CPU
		{73884581-381A-4FD2-AAF9-122EE9C98D89}.AppStore|iPhoneSimulator.ActiveCfg = Release|Any CPU
		{73884581-381A-4FD2-AAF9-122EE9C98D89}.AppStore|iPhoneSimulator.Build.0 = Release|Any CPU
		{73884581-381A-4FD2-AAF9-122EE9C98D89}.AppStore|iPhoneSimulator.Deploy.0 = Release|Any CPU
		{73884581-381A-4FD2-AAF9-122EE9C98D89}.AppStore|x64.ActiveCfg = Release|Any CPU
		{73884581-381A-4FD2-AAF9-122EE9C98D89}.AppStore|x64.Build.0 = Release|Any CPU
		{73884581-381A-4FD2-AAF9-122EE9C98D89}.AppStore|x64.Deploy.0 = Release|Any CPU
		{73884581-381A-4FD2-AAF9-122EE9C98D89}.AppStore|x86.ActiveCfg = Release|Any CPU
		{73884581-381A-4FD2-AAF9-122EE9C98D89}.AppStore|x86.Build.0 = Release|Any CPU
		{73884581-381A-4FD2-AAF9-122EE9C98D89}.AppStore|x86.Deploy.0 = Release|Any CPU
		{73884581-381A-4FD2-AAF9-122EE9C98D89}.Debug|Any CPU.ActiveCfg = Debug|Any CPU
		{73884581-381A-4FD2-AAF9-122EE9C98D89}.Debug|Any CPU.Build.0 = Debug|Any CPU
		{73884581-381A-4FD2-AAF9-122EE9C98D89}.Debug|Any CPU.Deploy.0 = Debug|Any CPU
		{73884581-381A-4FD2-AAF9-122EE9C98D89}.Debug|ARM.ActiveCfg = Debug|Any CPU
		{73884581-381A-4FD2-AAF9-122EE9C98D89}.Debug|ARM.Build.0 = Debug|Any CPU
		{73884581-381A-4FD2-AAF9-122EE9C98D89}.Debug|ARM.Deploy.0 = Debug|Any CPU
		{73884581-381A-4FD2-AAF9-122EE9C98D89}.Debug|iPhone.ActiveCfg = Debug|Any CPU
		{73884581-381A-4FD2-AAF9-122EE9C98D89}.Debug|iPhone.Build.0 = Debug|Any CPU
		{73884581-381A-4FD2-AAF9-122EE9C98D89}.Debug|iPhone.Deploy.0 = Debug|Any CPU
		{73884581-381A-4FD2-AAF9-122EE9C98D89}.Debug|iPhoneSimulator.ActiveCfg = Debug|Any CPU
		{73884581-381A-4FD2-AAF9-122EE9C98D89}.Debug|iPhoneSimulator.Build.0 = Debug|Any CPU
		{73884581-381A-4FD2-AAF9-122EE9C98D89}.Debug|iPhoneSimulator.Deploy.0 = Debug|Any CPU
		{73884581-381A-4FD2-AAF9-122EE9C98D89}.Debug|x64.ActiveCfg = Debug|Any CPU
		{73884581-381A-4FD2-AAF9-122EE9C98D89}.Debug|x64.Build.0 = Debug|Any CPU
		{73884581-381A-4FD2-AAF9-122EE9C98D89}.Debug|x64.Deploy.0 = Debug|Any CPU
		{73884581-381A-4FD2-AAF9-122EE9C98D89}.Debug|x86.ActiveCfg = Debug|Any CPU
		{73884581-381A-4FD2-AAF9-122EE9C98D89}.Debug|x86.Build.0 = Debug|Any CPU
		{73884581-381A-4FD2-AAF9-122EE9C98D89}.Debug|x86.Deploy.0 = Debug|Any CPU
		{73884581-381A-4FD2-AAF9-122EE9C98D89}.Release|Any CPU.ActiveCfg = Release|Any CPU
		{73884581-381A-4FD2-AAF9-122EE9C98D89}.Release|Any CPU.Build.0 = Release|Any CPU
		{73884581-381A-4FD2-AAF9-122EE9C98D89}.Release|Any CPU.Deploy.0 = Release|Any CPU
		{73884581-381A-4FD2-AAF9-122EE9C98D89}.Release|ARM.ActiveCfg = Release|Any CPU
		{73884581-381A-4FD2-AAF9-122EE9C98D89}.Release|ARM.Build.0 = Release|Any CPU
		{73884581-381A-4FD2-AAF9-122EE9C98D89}.Release|ARM.Deploy.0 = Release|Any CPU
		{73884581-381A-4FD2-AAF9-122EE9C98D89}.Release|iPhone.ActiveCfg = Release|Any CPU
		{73884581-381A-4FD2-AAF9-122EE9C98D89}.Release|iPhone.Build.0 = Release|Any CPU
		{73884581-381A-4FD2-AAF9-122EE9C98D89}.Release|iPhone.Deploy.0 = Release|Any CPU
		{73884581-381A-4FD2-AAF9-122EE9C98D89}.Release|iPhoneSimulator.ActiveCfg = Release|Any CPU
		{73884581-381A-4FD2-AAF9-122EE9C98D89}.Release|iPhoneSimulator.Build.0 = Release|Any CPU
		{73884581-381A-4FD2-AAF9-122EE9C98D89}.Release|iPhoneSimulator.Deploy.0 = Release|Any CPU
		{73884581-381A-4FD2-AAF9-122EE9C98D89}.Release|x64.ActiveCfg = Release|Any CPU
		{73884581-381A-4FD2-AAF9-122EE9C98D89}.Release|x64.Build.0 = Release|Any CPU
		{73884581-381A-4FD2-AAF9-122EE9C98D89}.Release|x64.Deploy.0 = Release|Any CPU
		{73884581-381A-4FD2-AAF9-122EE9C98D89}.Release|x86.ActiveCfg = Release|Any CPU
		{73884581-381A-4FD2-AAF9-122EE9C98D89}.Release|x86.Build.0 = Release|Any CPU
		{73884581-381A-4FD2-AAF9-122EE9C98D89}.Release|x86.Deploy.0 = Release|Any CPU
		{D3CA442D-2354-4308-9475-9281ABC26E96}.Ad-Hoc|Any CPU.ActiveCfg = Release|Any CPU
		{D3CA442D-2354-4308-9475-9281ABC26E96}.Ad-Hoc|Any CPU.Build.0 = Release|Any CPU
		{D3CA442D-2354-4308-9475-9281ABC26E96}.Ad-Hoc|ARM.ActiveCfg = Release|Any CPU
		{D3CA442D-2354-4308-9475-9281ABC26E96}.Ad-Hoc|ARM.Build.0 = Release|Any CPU
		{D3CA442D-2354-4308-9475-9281ABC26E96}.Ad-Hoc|iPhone.ActiveCfg = Release|Any CPU
		{D3CA442D-2354-4308-9475-9281ABC26E96}.Ad-Hoc|iPhone.Build.0 = Release|Any CPU
		{D3CA442D-2354-4308-9475-9281ABC26E96}.Ad-Hoc|iPhoneSimulator.ActiveCfg = Release|Any CPU
		{D3CA442D-2354-4308-9475-9281ABC26E96}.Ad-Hoc|iPhoneSimulator.Build.0 = Release|Any CPU
		{D3CA442D-2354-4308-9475-9281ABC26E96}.Ad-Hoc|x64.ActiveCfg = Release|Any CPU
		{D3CA442D-2354-4308-9475-9281ABC26E96}.Ad-Hoc|x64.Build.0 = Release|Any CPU
		{D3CA442D-2354-4308-9475-9281ABC26E96}.Ad-Hoc|x86.ActiveCfg = Release|Any CPU
		{D3CA442D-2354-4308-9475-9281ABC26E96}.Ad-Hoc|x86.Build.0 = Release|Any CPU
		{D3CA442D-2354-4308-9475-9281ABC26E96}.AppStore|Any CPU.ActiveCfg = Release|Any CPU
		{D3CA442D-2354-4308-9475-9281ABC26E96}.AppStore|Any CPU.Build.0 = Release|Any CPU
		{D3CA442D-2354-4308-9475-9281ABC26E96}.AppStore|ARM.ActiveCfg = Release|Any CPU
		{D3CA442D-2354-4308-9475-9281ABC26E96}.AppStore|ARM.Build.0 = Release|Any CPU
		{D3CA442D-2354-4308-9475-9281ABC26E96}.AppStore|iPhone.ActiveCfg = Release|Any CPU
		{D3CA442D-2354-4308-9475-9281ABC26E96}.AppStore|iPhone.Build.0 = Release|Any CPU
		{D3CA442D-2354-4308-9475-9281ABC26E96}.AppStore|iPhoneSimulator.ActiveCfg = Release|Any CPU
		{D3CA442D-2354-4308-9475-9281ABC26E96}.AppStore|iPhoneSimulator.Build.0 = Release|Any CPU
		{D3CA442D-2354-4308-9475-9281ABC26E96}.AppStore|x64.ActiveCfg = Release|Any CPU
		{D3CA442D-2354-4308-9475-9281ABC26E96}.AppStore|x64.Build.0 = Release|Any CPU
		{D3CA442D-2354-4308-9475-9281ABC26E96}.AppStore|x86.ActiveCfg = Release|Any CPU
		{D3CA442D-2354-4308-9475-9281ABC26E96}.AppStore|x86.Build.0 = Release|Any CPU
		{D3CA442D-2354-4308-9475-9281ABC26E96}.Debug|Any CPU.ActiveCfg = Debug|Any CPU
		{D3CA442D-2354-4308-9475-9281ABC26E96}.Debug|Any CPU.Build.0 = Debug|Any CPU
		{D3CA442D-2354-4308-9475-9281ABC26E96}.Debug|ARM.ActiveCfg = Debug|Any CPU
		{D3CA442D-2354-4308-9475-9281ABC26E96}.Debug|ARM.Build.0 = Debug|Any CPU
		{D3CA442D-2354-4308-9475-9281ABC26E96}.Debug|iPhone.ActiveCfg = Debug|Any CPU
		{D3CA442D-2354-4308-9475-9281ABC26E96}.Debug|iPhone.Build.0 = Debug|Any CPU
		{D3CA442D-2354-4308-9475-9281ABC26E96}.Debug|iPhoneSimulator.ActiveCfg = Debug|Any CPU
		{D3CA442D-2354-4308-9475-9281ABC26E96}.Debug|iPhoneSimulator.Build.0 = Debug|Any CPU
		{D3CA442D-2354-4308-9475-9281ABC26E96}.Debug|x64.ActiveCfg = Debug|Any CPU
		{D3CA442D-2354-4308-9475-9281ABC26E96}.Debug|x64.Build.0 = Debug|Any CPU
		{D3CA442D-2354-4308-9475-9281ABC26E96}.Debug|x86.ActiveCfg = Debug|Any CPU
		{D3CA442D-2354-4308-9475-9281ABC26E96}.Debug|x86.Build.0 = Debug|Any CPU
		{D3CA442D-2354-4308-9475-9281ABC26E96}.Release|Any CPU.ActiveCfg = Release|Any CPU
		{D3CA442D-2354-4308-9475-9281ABC26E96}.Release|Any CPU.Build.0 = Release|Any CPU
		{D3CA442D-2354-4308-9475-9281ABC26E96}.Release|ARM.ActiveCfg = Release|Any CPU
		{D3CA442D-2354-4308-9475-9281ABC26E96}.Release|ARM.Build.0 = Release|Any CPU
		{D3CA442D-2354-4308-9475-9281ABC26E96}.Release|iPhone.ActiveCfg = Release|Any CPU
		{D3CA442D-2354-4308-9475-9281ABC26E96}.Release|iPhone.Build.0 = Release|Any CPU
		{D3CA442D-2354-4308-9475-9281ABC26E96}.Release|iPhoneSimulator.ActiveCfg = Release|Any CPU
		{D3CA442D-2354-4308-9475-9281ABC26E96}.Release|iPhoneSimulator.Build.0 = Release|Any CPU
		{D3CA442D-2354-4308-9475-9281ABC26E96}.Release|x64.ActiveCfg = Release|Any CPU
		{D3CA442D-2354-4308-9475-9281ABC26E96}.Release|x64.Build.0 = Release|Any CPU
		{D3CA442D-2354-4308-9475-9281ABC26E96}.Release|x86.ActiveCfg = Release|Any CPU
		{D3CA442D-2354-4308-9475-9281ABC26E96}.Release|x86.Build.0 = Release|Any CPU
		{C146037C-12DA-445B-9095-095E212B7E7D}.Ad-Hoc|Any CPU.ActiveCfg = Release|Any CPU
		{C146037C-12DA-445B-9095-095E212B7E7D}.Ad-Hoc|Any CPU.Build.0 = Release|Any CPU
		{C146037C-12DA-445B-9095-095E212B7E7D}.Ad-Hoc|ARM.ActiveCfg = Release|Any CPU
		{C146037C-12DA-445B-9095-095E212B7E7D}.Ad-Hoc|ARM.Build.0 = Release|Any CPU
		{C146037C-12DA-445B-9095-095E212B7E7D}.Ad-Hoc|iPhone.ActiveCfg = Release|Any CPU
		{C146037C-12DA-445B-9095-095E212B7E7D}.Ad-Hoc|iPhone.Build.0 = Release|Any CPU
		{C146037C-12DA-445B-9095-095E212B7E7D}.Ad-Hoc|iPhoneSimulator.ActiveCfg = Release|Any CPU
		{C146037C-12DA-445B-9095-095E212B7E7D}.Ad-Hoc|iPhoneSimulator.Build.0 = Release|Any CPU
		{C146037C-12DA-445B-9095-095E212B7E7D}.Ad-Hoc|x64.ActiveCfg = Release|Any CPU
		{C146037C-12DA-445B-9095-095E212B7E7D}.Ad-Hoc|x64.Build.0 = Release|Any CPU
		{C146037C-12DA-445B-9095-095E212B7E7D}.Ad-Hoc|x86.ActiveCfg = Release|Any CPU
		{C146037C-12DA-445B-9095-095E212B7E7D}.Ad-Hoc|x86.Build.0 = Release|Any CPU
		{C146037C-12DA-445B-9095-095E212B7E7D}.AppStore|Any CPU.ActiveCfg = Release|Any CPU
		{C146037C-12DA-445B-9095-095E212B7E7D}.AppStore|Any CPU.Build.0 = Release|Any CPU
		{C146037C-12DA-445B-9095-095E212B7E7D}.AppStore|ARM.ActiveCfg = Release|Any CPU
		{C146037C-12DA-445B-9095-095E212B7E7D}.AppStore|ARM.Build.0 = Release|Any CPU
		{C146037C-12DA-445B-9095-095E212B7E7D}.AppStore|iPhone.ActiveCfg = Release|Any CPU
		{C146037C-12DA-445B-9095-095E212B7E7D}.AppStore|iPhone.Build.0 = Release|Any CPU
		{C146037C-12DA-445B-9095-095E212B7E7D}.AppStore|iPhoneSimulator.ActiveCfg = Release|Any CPU
		{C146037C-12DA-445B-9095-095E212B7E7D}.AppStore|iPhoneSimulator.Build.0 = Release|Any CPU
		{C146037C-12DA-445B-9095-095E212B7E7D}.AppStore|x64.ActiveCfg = Release|Any CPU
		{C146037C-12DA-445B-9095-095E212B7E7D}.AppStore|x64.Build.0 = Release|Any CPU
		{C146037C-12DA-445B-9095-095E212B7E7D}.AppStore|x86.ActiveCfg = Release|Any CPU
		{C146037C-12DA-445B-9095-095E212B7E7D}.AppStore|x86.Build.0 = Release|Any CPU
		{C146037C-12DA-445B-9095-095E212B7E7D}.Debug|Any CPU.ActiveCfg = Debug|Any CPU
		{C146037C-12DA-445B-9095-095E212B7E7D}.Debug|Any CPU.Build.0 = Debug|Any CPU
		{C146037C-12DA-445B-9095-095E212B7E7D}.Debug|ARM.ActiveCfg = Debug|Any CPU
		{C146037C-12DA-445B-9095-095E212B7E7D}.Debug|ARM.Build.0 = Debug|Any CPU
		{C146037C-12DA-445B-9095-095E212B7E7D}.Debug|iPhone.ActiveCfg = Debug|Any CPU
		{C146037C-12DA-445B-9095-095E212B7E7D}.Debug|iPhone.Build.0 = Debug|Any CPU
		{C146037C-12DA-445B-9095-095E212B7E7D}.Debug|iPhoneSimulator.ActiveCfg = Debug|Any CPU
		{C146037C-12DA-445B-9095-095E212B7E7D}.Debug|iPhoneSimulator.Build.0 = Debug|Any CPU
		{C146037C-12DA-445B-9095-095E212B7E7D}.Debug|x64.ActiveCfg = Debug|Any CPU
		{C146037C-12DA-445B-9095-095E212B7E7D}.Debug|x64.Build.0 = Debug|Any CPU
		{C146037C-12DA-445B-9095-095E212B7E7D}.Debug|x86.ActiveCfg = Debug|Any CPU
		{C146037C-12DA-445B-9095-095E212B7E7D}.Debug|x86.Build.0 = Debug|Any CPU
		{C146037C-12DA-445B-9095-095E212B7E7D}.Release|Any CPU.ActiveCfg = Release|Any CPU
		{C146037C-12DA-445B-9095-095E212B7E7D}.Release|Any CPU.Build.0 = Release|Any CPU
		{C146037C-12DA-445B-9095-095E212B7E7D}.Release|ARM.ActiveCfg = Release|Any CPU
		{C146037C-12DA-445B-9095-095E212B7E7D}.Release|ARM.Build.0 = Release|Any CPU
		{C146037C-12DA-445B-9095-095E212B7E7D}.Release|iPhone.ActiveCfg = Release|Any CPU
		{C146037C-12DA-445B-9095-095E212B7E7D}.Release|iPhone.Build.0 = Release|Any CPU
		{C146037C-12DA-445B-9095-095E212B7E7D}.Release|iPhoneSimulator.ActiveCfg = Release|Any CPU
		{C146037C-12DA-445B-9095-095E212B7E7D}.Release|iPhoneSimulator.Build.0 = Release|Any CPU
		{C146037C-12DA-445B-9095-095E212B7E7D}.Release|x64.ActiveCfg = Release|Any CPU
		{C146037C-12DA-445B-9095-095E212B7E7D}.Release|x64.Build.0 = Release|Any CPU
		{C146037C-12DA-445B-9095-095E212B7E7D}.Release|x86.ActiveCfg = Release|Any CPU
		{C146037C-12DA-445B-9095-095E212B7E7D}.Release|x86.Build.0 = Release|Any CPU
	EndGlobalSection
	GlobalSection(SolutionProperties) = preSolution
		HideSolutionNode = FALSE
	EndGlobalSection
EndGlobal
